{
  "name": "scenemanager",
  "version": "0.0.2",
  "lockfileVersion": 1,
  "requires": true,
  "dependencies": {
    "@types/node": {
      "version": "12.12.17",
      "resolved": "https://registry.npmjs.org/@types/node/-/node-12.12.17.tgz",
      "integrity": "sha512-Is+l3mcHvs47sKy+afn2O1rV4ldZFU7W8101cNlOd+MRbjM4Onida8jSZnJdTe/0Pcf25g9BNIUsuugmE6puHA==",
      "dev": true
    },
    "@types/three": {
      "version": "0.103.2",
      "resolved": "https://registry.npmjs.org/@types/three/-/three-0.103.2.tgz",
      "integrity": "sha512-zhtf0Qs5wLJpIn1+VWCpzSgpKayj/GSWZ6woiuz09FW59KEDeLpnBkYz6lbblVpRmGdlnG8nd0unaASshOvcXw==",
      "requires": {
        "three": "*"
      }
    },
    "three": {
      "version": "0.110.0",
      "resolved": "https://registry.npmjs.org/three/-/three-0.110.0.tgz",
      "integrity": "sha512-wlurH8XBO9Sd5VIw8nBa+taLR20kqaI4e9FiuMh6tqK8eOS2q2R+ZoUyufbyDTVTHhs8GiTbv0r2CMLkwerFJg=="
    },
    "threeml": {
      "version": "1.0.11",
      "resolved": "https://registry.npmjs.org/threeml/-/threeml-1.0.11.tgz",
      "integrity": "sha512-tpm6gMsDlKtlVPnM2fHc/H7JEROU/Vj80rm3oUd4gxDAqKtO40/vkNvA4UsJ2zywl5DdpS6DF9857o5o3opFvg==",
      "requires": {
        "@types/three": "^0.103.2",
        "three": "^0.110.0"
      }
    },
    "typescript": {
      "version": "3.7.3",
      "resolved": "https://registry.npmjs.org/typescript/-/typescript-3.7.3.tgz",
      "integrity": "sha512-Mcr/Qk7hXqFBXMN7p7Lusj1ktCBydylfQM/FZCk5glCNQJrCUKPkMHdo9R0MTFWsC/4kPFvDS0fDPvukfCkFsw==",
      "dev": true
    }
  }
}
